PODS:
  - LibTorch-Lite (1.12.0):
    - LibTorch-Lite/Core (= 1.12.0)
  - LibTorch-Lite/Core (1.12.0):
    - LibTorch-Lite/Torch
  - LibTorch-Lite/Torch (1.12.0)
  - PLMLibTorchWrapper (0.5.0):
    - LibTorch-Lite (= 1.12.0)
  - shared (2.0.0):
    - PLMLibTorchWrapper (= 0.5.0)

DEPENDENCIES:
  - shared (from `shared`)

SPEC REPOS:
  trunk:
    - LibTorch-Lite
    - PLMLibTorchWrapper

EXTERNAL SOURCES:
  shared:
    :path: shared

SPEC CHECKSUMS:
  LibTorch-Lite: c2210be0ed41c3a7f972c82715663a44d35ad97c
  PLMLibTorchWrapper: a5e3125e1c96110b38addc4cd4d8102572702928
  shared: 60ce88e291bb85761e6cff8d861c70cbdf5edb13

PODFILE CHECKSUM: 1b496965186ac6866b196a5abde09fe2f0a3e747

COCOAPODS: 1.12.0
