// !$*UTF8*$!
{
	archiveVersion = 1;
	classes = {
	};
	objectVersion = 54;
	objects = {

/* Begin PBXBuildFile section */
		1B5314AF245E1F8A009985F0 /* AppDelegate.swift in Sources */ = {isa = PBXBuildFile; fileRef = 1B5314AE245E1F8A009985F0 /* AppDelegate.swift */; };
		1B5314B1245E1F8A009985F0 /* SceneDelegate.swift in Sources */ = {isa = PBXBuildFile; fileRef = 1B5314B0245E1F8A009985F0 /* SceneDelegate.swift */; };
		1B5314B6245E1F8A009985F0 /* Main.storyboard in Resources */ = {isa = PBXBuildFile; fileRef = 1B5314B4245E1F8A009985F0 /* Main.storyboard */; };
		1B5314B8245E1F8B009985F0 /* Assets.xcassets in Resources */ = {isa = PBXBuildFile; fileRef = 1B5314B7245E1F8B009985F0 /* Assets.xcassets */; };
		1B5314BB245E1F8B009985F0 /* LaunchScreen.storyboard in Resources */ = {isa = PBXBuildFile; fileRef = 1B5314B9245E1F8B009985F0 /* LaunchScreen.storyboard */; };
		459D39AC2BB927600036F3E3 /* DBHelper.swift in Sources */ = {isa = PBXBuildFile; fileRef = 459D39AB2BB927600036F3E3 /* DBHelper.swift */; };
		45DAC46E2BB7B7EF00817354 /* ViewControllerStart.swift in Sources */ = {isa = PBXBuildFile; fileRef = 45DAC46D2BB7B7EF00817354 /* ViewControllerStart.swift */; };
		45DAC4752BB7B87B00817354 /* ViewControllerPatientParameters.swift in Sources */ = {isa = PBXBuildFile; fileRef = 45DAC4742BB7B87B00817354 /* ViewControllerPatientParameters.swift */; };
		45DAC4782BB7C36200817354 /* Patient.swift in Sources */ = {isa = PBXBuildFile; fileRef = 45DAC4772BB7C36200817354 /* Patient.swift */; };
		45EE4E792A9CF5DA007362AD /* IosDeviceProvider.swift in Sources */ = {isa = PBXBuildFile; fileRef = 45EE4E782A9CF5DA007362AD /* IosDeviceProvider.swift */; };
		4B7D66A3290FB39300C8D366 /* KeychainSwiftDistrib.swift in Sources */ = {isa = PBXBuildFile; fileRef = 4B7D66A2290FB39300C8D366 /* KeychainSwiftDistrib.swift */; };
		4B7D6D8229BF8CAE0077BA02 /* PLMLibTorchWrapper in Frameworks */ = {isa = PBXBuildFile; fileRef = 1736A029299902C200F139AB /* PLMLibTorchWrapper */; };
		764F961238918C1BCDB9649D /* libPods-Vitals.a in Frameworks */ = {isa = PBXBuildFile; fileRef = 0466B0B5B0BB83B107E61F27 /* libPods-Vitals.a */; };
		FA87F4072AB227860018A7CE /* ViewController.swift in Sources */ = {isa = PBXBuildFile; fileRef = 1B5314B2245E1F8A009985F0 /* ViewController.swift */; };
/* End PBXBuildFile section */

/* Begin PBXContainerItemProxy section */
		1736A028299902C200F139AB /* PBXContainerItemProxy */ = {
			isa = PBXContainerItemProxy;
			containerPortal = 1736A021299902C200F139AB /* Pods.xcodeproj */;
			proxyType = 2;
			remoteGlobalIDString = 80E7E71C199267B3172A2503BFF9D72B;
			remoteInfo = PLMLibTorchWrapper;
		};
		458615F92B95FB0100090F3E /* PBXContainerItemProxy */ = {
			isa = PBXContainerItemProxy;
			containerPortal = 1736A021299902C200F139AB /* Pods.xcodeproj */;
			proxyType = 2;
			remoteGlobalIDString = E6FC409E92265F446FE05CFE689B9426;
			remoteInfo = "shared-shared";
		};
		45DAC47F2BB7C36200817354 /* PBXContainerItemProxy */ = {
			isa = PBXContainerItemProxy;
			containerPortal = 1736A021299902C200F139AB /* Pods.xcodeproj */;
			proxyType = 2;
			remoteGlobalIDString = F5FA45A44C42CC2CA3A324A3E914CE19;
			remoteInfo = SQLite.swift;
		};
/* End PBXContainerItemProxy section */

/* Begin PBXFileReference section */
		0466B0B5B0BB83B107E61F27 /* libPods-Vitals.a */ = {isa = PBXFileReference; explicitFileType = archive.ar; includeInIndex = 0; path = "libPods-Vitals.a"; sourceTree = BUILT_PRODUCTS_DIR; };
		1736A021299902C200F139AB /* Pods.xcodeproj */ = {isa = PBXFileReference; lastKnownFileType = "wrapper.pb-project"; name = Pods.xcodeproj; path = Pods/Pods.xcodeproj; sourceTree = "<group>"; };
		1B5314AB245E1F8A009985F0 /* Vitals.app */ = {isa = PBXFileReference; explicitFileType = wrapper.application; includeInIndex = 0; path = Vitals.app; sourceTree = BUILT_PRODUCTS_DIR; };
		1B5314AE245E1F8A009985F0 /* AppDelegate.swift */ = {isa = PBXFileReference; lastKnownFileType = sourcecode.swift; path = AppDelegate.swift; sourceTree = "<group>"; };
		1B5314B0245E1F8A009985F0 /* SceneDelegate.swift */ = {isa = PBXFileReference; lastKnownFileType = sourcecode.swift; path = SceneDelegate.swift; sourceTree = "<group>"; };
		1B5314B2245E1F8A009985F0 /* ViewController.swift */ = {isa = PBXFileReference; lastKnownFileType = sourcecode.swift; path = ViewController.swift; sourceTree = "<group>"; };
		1B5314B5245E1F8A009985F0 /* Base */ = {isa = PBXFileReference; lastKnownFileType = file.storyboard; name = Base; path = Base.lproj/Main.storyboard; sourceTree = "<group>"; };
		1B5314B7245E1F8B009985F0 /* Assets.xcassets */ = {isa = PBXFileReference; lastKnownFileType = folder.assetcatalog; path = Assets.xcassets; sourceTree = "<group>"; };
		1B5314BA245E1F8B009985F0 /* Base */ = {isa = PBXFileReference; lastKnownFileType = file.storyboard; name = Base; path = Base.lproj/LaunchScreen.storyboard; sourceTree = "<group>"; };
		1B5314BC245E1F8B009985F0 /* Info.plist */ = {isa = PBXFileReference; lastKnownFileType = text.plist.xml; path = Info.plist; sourceTree = "<group>"; };
		459D39AB2BB927600036F3E3 /* DBHelper.swift */ = {isa = PBXFileReference; lastKnownFileType = sourcecode.swift; path = DBHelper.swift; sourceTree = "<group>"; };
		45DAC46D2BB7B7EF00817354 /* ViewControllerStart.swift */ = {isa = PBXFileReference; lastKnownFileType = sourcecode.swift; path = ViewControllerStart.swift; sourceTree = "<group>"; };
		45DAC4742BB7B87B00817354 /* ViewControllerPatientParameters.swift */ = {isa = PBXFileReference; lastKnownFileType = sourcecode.swift; path = ViewControllerPatientParameters.swift; sourceTree = "<group>"; };
		45DAC4772BB7C36200817354 /* Patient.swift */ = {isa = PBXFileReference; lastKnownFileType = sourcecode.swift; path = Patient.swift; sourceTree = "<group>"; };
		45EE4E782A9CF5DA007362AD /* IosDeviceProvider.swift */ = {isa = PBXFileReference; lastKnownFileType = sourcecode.swift; path = IosDeviceProvider.swift; sourceTree = "<group>"; };
		4B7D66A2290FB39300C8D366 /* KeychainSwiftDistrib.swift */ = {isa = PBXFileReference; fileEncoding = 4; lastKnownFileType = sourcecode.swift; path = KeychainSwiftDistrib.swift; sourceTree = "<group>"; };
		BF46417DD9472D340A2AB19D /* Pods-Vitals.debug.xcconfig */ = {isa = PBXFileReference; includeInIndex = 1; lastKnownFileType = text.xcconfig; name = "Pods-Vitals.debug.xcconfig"; path = "Target Support Files/Pods-Vitals/Pods-Vitals.debug.xcconfig"; sourceTree = "<group>"; };
		FDFADAEC97A7EEE5B5E44810 /* Pods-Vitals.release.xcconfig */ = {isa = PBXFileReference; includeInIndex = 1; lastKnownFileType = text.xcconfig; name = "Pods-Vitals.release.xcconfig"; path = "Target Support Files/Pods-Vitals/Pods-Vitals.release.xcconfig"; sourceTree = "<group>"; };
/* End PBXFileReference section */

/* Begin PBXFrameworksBuildPhase section */
		1B5314A8245E1F8A009985F0 /* Frameworks */ = {
			isa = PBXFrameworksBuildPhase;
			buildActionMask = 2147483647;
			files = (
				4B7D6D8229BF8CAE0077BA02 /* PLMLibTorchWrapper in Frameworks */,
				764F961238918C1BCDB9649D /* libPods-Vitals.a in Frameworks */,
			);
			runOnlyForDeploymentPostprocessing = 0;
		};
/* End PBXFrameworksBuildPhase section */

/* Begin PBXGroup section */
		1736A022299902C200F139AB /* Products */ = {
			isa = PBXGroup;
			children = (
				1736A029299902C200F139AB /* PLMLibTorchWrapper */,
				458615FA2B95FB0100090F3E /* shared-shared */,
				45DAC4802BB7C36200817354 /* SQLite.swift */,
			);
			name = Products;
			sourceTree = "<group>";
		};
		1B5314A2245E1F8A009985F0 = {
			isa = PBXGroup;
			children = (
				1B5314AD245E1F8A009985F0 /* Vitals */,
				1B5314AC245E1F8A009985F0 /* Products */,
				4B368EC3291A3CFF001A0531 /* Frameworks */,
				3945C6A05BBF859439C1328A /* Pods */,
			);
			sourceTree = "<group>";
		};
		1B5314AC245E1F8A009985F0 /* Products */ = {
			isa = PBXGroup;
			children = (
				1B5314AB245E1F8A009985F0 /* Vitals.app */,
			);
			name = Products;
			sourceTree = "<group>";
		};
		1B5314AD245E1F8A009985F0 /* Vitals */ = {
			isa = PBXGroup;
			children = (
				1B5314AE245E1F8A009985F0 /* AppDelegate.swift */,
				1B5314B0245E1F8A009985F0 /* SceneDelegate.swift */,
				1B5314B2245E1F8A009985F0 /* ViewController.swift */,
				4B7D66A2290FB39300C8D366 /* KeychainSwiftDistrib.swift */,
				1B5314B4245E1F8A009985F0 /* Main.storyboard */,
				1B5314B7245E1F8B009985F0 /* Assets.xcassets */,
				1B5314B9245E1F8B009985F0 /* LaunchScreen.storyboard */,
				1B5314BC245E1F8B009985F0 /* Info.plist */,
				45EE4E782A9CF5DA007362AD /* IosDeviceProvider.swift */,
				45DAC46D2BB7B7EF00817354 /* ViewControllerStart.swift */,
				45DAC4742BB7B87B00817354 /* ViewControllerPatientParameters.swift */,
				45DAC4772BB7C36200817354 /* Patient.swift */,
				459D39AB2BB927600036F3E3 /* DBHelper.swift */,
			);
			path = Vitals;
			sourceTree = "<group>";
		};
		3945C6A05BBF859439C1328A /* Pods */ = {
			isa = PBXGroup;
			children = (
				BF46417DD9472D340A2AB19D /* Pods-Vitals.debug.xcconfig */,
				FDFADAEC97A7EEE5B5E44810 /* Pods-Vitals.release.xcconfig */,
			);
			path = Pods;
			sourceTree = "<group>";
		};
		4B368EC3291A3CFF001A0531 /* Frameworks */ = {
			isa = PBXGroup;
			children = (
				1736A021299902C200F139AB /* Pods.xcodeproj */,
				0466B0B5B0BB83B107E61F27 /* libPods-Vitals.a */,
			);
			name = Frameworks;
			sourceTree = "<group>";
		};
/* End PBXGroup section */

/* Begin PBXNativeTarget section */
		1B5314AA245E1F8A009985F0 /* Vitals */ = {
			isa = PBXNativeTarget;
			buildConfigurationList = 1B5314BF245E1F8B009985F0 /* Build configuration list for PBXNativeTarget "Vitals" */;
			buildPhases = (
				3599F685DBC0E4960141DE3D /* [CP] Check Pods Manifest.lock */,
				454F942A2ACCA10000B7FEFE /* ShellScript */,
				4BD644B528A630E100CFF11D /* ShellScript */,
				1B5314A7245E1F8A009985F0 /* Sources */,
				1B5314A8245E1F8A009985F0 /* Frameworks */,
				1B5314A9245E1F8A009985F0 /* Resources */,
				4B7D6D8429BF91E90077BA02 /* ShellScript */,
				36B22140A6B690BBD19EABD4 /* [CP] Copy Pods Resources */,
			);
			buildRules = (
			);
			dependencies = (
			);
			name = Vitals;
			productName = ProcessingCameraFeed;
			productReference = 1B5314AB245E1F8A009985F0 /* Vitals.app */;
			productType = "com.apple.product-type.application";
		};
/* End PBXNativeTarget section */

/* Begin PBXProject section */
		1B5314A3245E1F8A009985F0 /* Project object */ = {
			isa = PBXProject;
			attributes = {
				BuildIndependentTargetsInParallel = YES;
				LastSwiftUpdateCheck = 1140;
				LastUpgradeCheck = 1430;
				ORGANIZATIONNAME = "Anurag Ajwani";
				TargetAttributes = {
					1B5314AA245E1F8A009985F0 = {
						CreatedOnToolsVersion = 11.4.1;
					};
				};
			};
			buildConfigurationList = 1B5314A6245E1F8A009985F0 /* Build configuration list for PBXProject "Vitals" */;
			compatibilityVersion = "Xcode 9.3";
			developmentRegion = en;
			hasScannedForEncodings = 0;
			knownRegions = (
				en,
				Base,
			);
			mainGroup = 1B5314A2245E1F8A009985F0;
			productRefGroup = 1B5314AC245E1F8A009985F0 /* Products */;
			projectDirPath = "";
			projectReferences = (
				{
					ProductGroup = 1736A022299902C200F139AB /* Products */;
					ProjectRef = 1736A021299902C200F139AB /* Pods.xcodeproj */;
				},
			);
			projectRoot = "";
			targets = (
				1B5314AA245E1F8A009985F0 /* Vitals */,
			);
		};
/* End PBXProject section */

/* Begin PBXReferenceProxy section */
		1736A029299902C200F139AB /* PLMLibTorchWrapper */ = {
			isa = PBXReferenceProxy;
			fileType = archive.ar;
			name = PLMLibTorchWrapper;
			path = libPLMLibTorchWrapper.a;
			remoteRef = 1736A028299902C200F139AB /* PBXContainerItemProxy */;
			sourceTree = BUILT_PRODUCTS_DIR;
		};
		458615FA2B95FB0100090F3E /* shared-shared */ = {
			isa = PBXReferenceProxy;
			fileType = wrapper.cfbundle;
			name = "shared-shared";
			path = shared.bundle;
			remoteRef = 458615F92B95FB0100090F3E /* PBXContainerItemProxy */;
			sourceTree = BUILT_PRODUCTS_DIR;
		};
		45DAC4802BB7C36200817354 /* SQLite.swift */ = {
			isa = PBXReferenceProxy;
			fileType = archive.ar;
			name = SQLite.swift;
			path = libSQLite.swift.a;
			remoteRef = 45DAC47F2BB7C36200817354 /* PBXContainerItemProxy */;
			sourceTree = BUILT_PRODUCTS_DIR;
		};
/* End PBXReferenceProxy section */

/* Begin PBXResourcesBuildPhase section */
		1B5314A9245E1F8A009985F0 /* Resources */ = {
			isa = PBXResourcesBuildPhase;
			buildActionMask = 2147483647;
			files = (
				1B5314BB245E1F8B009985F0 /* LaunchScreen.storyboard in Resources */,
				1B5314B8245E1F8B009985F0 /* Assets.xcassets in Resources */,
				1B5314B6245E1F8A009985F0 /* Main.storyboard in Resources */,
			);
			runOnlyForDeploymentPostprocessing = 0;
		};
/* End PBXResourcesBuildPhase section */

/* Begin PBXShellScriptBuildPhase section */
		3599F685DBC0E4960141DE3D /* [CP] Check Pods Manifest.lock */ = {
			isa = PBXShellScriptBuildPhase;
			buildActionMask = 2147483647;
			files = (
			);
			inputFileListPaths = (
			);
			inputPaths = (
				"${PODS_PODFILE_DIR_PATH}/Podfile.lock",
				"${PODS_ROOT}/Manifest.lock",
			);
			name = "[CP] Check Pods Manifest.lock";
			outputFileListPaths = (
			);
			outputPaths = (
				"$(DERIVED_FILE_DIR)/Pods-Vitals-checkManifestLockResult.txt",
			);
			runOnlyForDeploymentPostprocessing = 0;
			shellPath = /bin/sh;
			shellScript = "diff \"${PODS_PODFILE_DIR_PATH}/Podfile.lock\" \"${PODS_ROOT}/Manifest.lock\" > /dev/null\nif [ $? != 0 ] ; then\n    # print error to STDERR\n    echo \"error: The sandbox is not in sync with the Podfile.lock. Run 'pod install' or update your CocoaPods installation.\" >&2\n    exit 1\nfi\n# This output is used by Xcode 'outputs' to avoid re-running this script phase.\necho \"SUCCESS\" > \"${SCRIPT_OUTPUT_FILE_0}\"\n";
			showEnvVarsInLog = 0;
		};
		36B22140A6B690BBD19EABD4 /* [CP] Copy Pods Resources */ = {
			isa = PBXShellScriptBuildPhase;
			buildActionMask = 2147483647;
			files = (
			);
			inputFileListPaths = (
				"${PODS_ROOT}/Target Support Files/Pods-Vitals/Pods-Vitals-resources-${CONFIGURATION}-input-files.xcfilelist",
			);
			name = "[CP] Copy Pods Resources";
			outputFileListPaths = (
				"${PODS_ROOT}/Target Support Files/Pods-Vitals/Pods-Vitals-resources-${CONFIGURATION}-output-files.xcfilelist",
			);
			runOnlyForDeploymentPostprocessing = 0;
			shellPath = /bin/sh;
			shellScript = "\"${PODS_ROOT}/Target Support Files/Pods-Vitals/Pods-Vitals-resources.sh\"\n";
			showEnvVarsInLog = 0;
		};
		454F942A2ACCA10000B7FEFE /* ShellScript */ = {
			isa = PBXShellScriptBuildPhase;
			alwaysOutOfDate = 1;
			buildActionMask = 12;
			files = (
			);
			inputFileListPaths = (
			);
			inputPaths = (
			);
			outputFileListPaths = (
			);
			outputPaths = (
			);
			runOnlyForDeploymentPostprocessing = 0;
			shellPath = /bin/sh;
			shellScript = "# Paths to the config files\nDEBUG_CONFIG=\"${SRCROOT}/Pods/Target Support Files/Pods-Vitals/Pods-Vitals.debug.xcconfig\"\nRELEASE_CONFIG=\"${SRCROOT}/Pods/Target Support Files/Pods-Vitals/Pods-Vitals.release.xcconfig\"\n\n# Use sed to find and replace the flag\nif [ -f \"$DEBUG_CONFIG\" ]; then\n    sed -i '' 's/-ObjC//g' \"$DEBUG_CONFIG\"\nfi\n\nif [ -f \"$RELEASE_CONFIG\" ]; then\n    sed -i '' 's/-ObjC//g' \"$RELEASE_CONFIG\"\nfi\n";
		};
		4B7D6D8429BF91E90077BA02 /* ShellScript */ = {
			isa = PBXShellScriptBuildPhase;
			buildActionMask = 2147483647;
			files = (
			);
			inputFileListPaths = (
			);
			inputPaths = (
			);
			outputFileListPaths = (
			);
			outputPaths = (
			);
			runOnlyForDeploymentPostprocessing = 0;
			shellPath = /bin/sh;
			shellScript = "cd \"${CONFIGURATION_BUILD_DIR}/${UNLOCALIZED_RESOURCES_FOLDER_PATH}/\"\nif [[ -d \"Frameworks\" ]]; then \n    rm -fr Frameworks\nfi\n";
		};
		4BD644B528A630E100CFF11D /* ShellScript */ = {
			isa = PBXShellScriptBuildPhase;
			buildActionMask = 8;
			files = (
			);
			inputFileListPaths = (
			);
			inputPaths = (
			);
			outputFileListPaths = (
			);
			outputPaths = (
			);
			runOnlyForDeploymentPostprocessing = 1;
			shellPath = /bin/sh;
			shellScript = "# Type a script or drag a script file from your workspace to insert its path.\ncd \"$SRCROOT/..\"\n./gradlew :shared:embedAndSignAppleFrameworkForXcode\n";
		};
/* End PBXShellScriptBuildPhase section */

/* Begin PBXSourcesBuildPhase section */
		1B5314A7245E1F8A009985F0 /* Sources */ = {
			isa = PBXSourcesBuildPhase;
			buildActionMask = 2147483647;
			files = (
				FA87F4072AB227860018A7CE /* ViewController.swift in Sources */,
				1B5314AF245E1F8A009985F0 /* AppDelegate.swift in Sources */,
				45EE4E792A9CF5DA007362AD /* IosDeviceProvider.swift in Sources */,
				1B5314B1245E1F8A009985F0 /* SceneDelegate.swift in Sources */,
				459D39AC2BB927600036F3E3 /* DBHelper.swift in Sources */,
				45DAC4752BB7B87B00817354 /* ViewControllerPatientParameters.swift in Sources */,
				45DAC4782BB7C36200817354 /* Patient.swift in Sources */,
				4B7D66A3290FB39300C8D366 /* KeychainSwiftDistrib.swift in Sources */,
				45DAC46E2BB7B7EF00817354 /* ViewControllerStart.swift in Sources */,
			);
			runOnlyForDeploymentPostprocessing = 0;
		};
/* End PBXSourcesBuildPhase section */

/* Begin PBXVariantGroup section */
		1B5314B4245E1F8A009985F0 /* Main.storyboard */ = {
			isa = PBXVariantGroup;
			children = (
				1B5314B5245E1F8A009985F0 /* Base */,
			);
			name = Main.storyboard;
			sourceTree = "<group>";
		};
		1B5314B9245E1F8B009985F0 /* LaunchScreen.storyboard */ = {
			isa = PBXVariantGroup;
			children = (
				1B5314BA245E1F8B009985F0 /* Base */,
			);
			name = LaunchScreen.storyboard;
			sourceTree = "<group>";
		};
/* End PBXVariantGroup section */

/* Begin XCBuildConfiguration section */
		1B5314BD245E1F8B009985F0 /* Debug */ = {
			isa = XCBuildConfiguration;
			buildSettings = {
				ALWAYS_SEARCH_USER_PATHS = NO;
				ARCHS = "$(ARCHS_STANDARD)";
				CLANG_ANALYZER_NONNULL = YES;
				CLANG_ANALYZER_NUMBER_OBJECT_CONVERSION = YES_AGGRESSIVE;
				CLANG_CXX_LANGUAGE_STANDARD = "gnu++14";
				CLANG_CXX_LIBRARY = "libc++";
				CLANG_ENABLE_MODULES = YES;
				CLANG_ENABLE_OBJC_ARC = YES;
				CLANG_ENABLE_OBJC_WEAK = YES;
				CLANG_WARN_BLOCK_CAPTURE_AUTORELEASING = YES;
				CLANG_WARN_BOOL_CONVERSION = YES;
				CLANG_WARN_COMMA = YES;
				CLANG_WARN_CONSTANT_CONVERSION = YES;
				CLANG_WARN_DEPRECATED_OBJC_IMPLEMENTATIONS = YES;
				CLANG_WARN_DIRECT_OBJC_ISA_USAGE = YES_ERROR;
				CLANG_WARN_DOCUMENTATION_COMMENTS = YES;
				CLANG_WARN_EMPTY_BODY = YES;
				CLANG_WARN_ENUM_CONVERSION = YES;
				CLANG_WARN_INFINITE_RECURSION = YES;
				CLANG_WARN_INT_CONVERSION = YES;
				CLANG_WARN_NON_LITERAL_NULL_CONVERSION = YES;
				CLANG_WARN_OBJC_IMPLICIT_RETAIN_SELF = YES;
				CLANG_WARN_OBJC_LITERAL_CONVERSION = YES;
				CLANG_WARN_OBJC_ROOT_CLASS = YES_ERROR;
				CLANG_WARN_QUOTED_INCLUDE_IN_FRAMEWORK_HEADER = YES;
				CLANG_WARN_RANGE_LOOP_ANALYSIS = YES;
				CLANG_WARN_STRICT_PROTOTYPES = YES;
				CLANG_WARN_SUSPICIOUS_MOVE = YES;
				CLANG_WARN_UNGUARDED_AVAILABILITY = YES_AGGRESSIVE;
				CLANG_WARN_UNREACHABLE_CODE = YES;
				CLANG_WARN__DUPLICATE_METHOD_MATCH = YES;
				COPY_PHASE_STRIP = NO;
				DEBUG_INFORMATION_FORMAT = dwarf;
				ENABLE_STRICT_OBJC_MSGSEND = YES;
				ENABLE_TESTABILITY = YES;
				"EXCLUDED_ARCHS[sdk=iphonesimulator*]" = arm64;
				GCC_C_LANGUAGE_STANDARD = gnu11;
				GCC_DYNAMIC_NO_PIC = NO;
				GCC_NO_COMMON_BLOCKS = YES;
				GCC_OPTIMIZATION_LEVEL = 0;
				GCC_PREPROCESSOR_DEFINITIONS = (
					"DEBUG=1",
					"$(inherited)",
				);
				GCC_WARN_64_TO_32_BIT_CONVERSION = YES;
				GCC_WARN_ABOUT_RETURN_TYPE = YES_ERROR;
				GCC_WARN_UNDECLARED_SELECTOR = YES;
				GCC_WARN_UNINITIALIZED_AUTOS = YES_AGGRESSIVE;
				GCC_WARN_UNUSED_FUNCTION = YES;
				GCC_WARN_UNUSED_VARIABLE = YES;
				IPHONEOS_DEPLOYMENT_TARGET = 14.5;
				MTL_ENABLE_DEBUG_INFO = INCLUDE_SOURCE;
				MTL_FAST_MATH = YES;
				ONLY_ACTIVE_ARCH = YES;
				OTHER_LDFLAGS = (
					"$(inherited)",
					"-framework",
					shared,
				);
				SDKROOT = iphoneos;
				SWIFT_ACTIVE_COMPILATION_CONDITIONS = DEBUG;
				SWIFT_OPTIMIZATION_LEVEL = "-Onone";
			};
			name = Debug;
		};
		1B5314BE245E1F8B009985F0 /* Release */ = {
			isa = XCBuildConfiguration;
			buildSettings = {
				ALWAYS_SEARCH_USER_PATHS = NO;
				ARCHS = "$(ARCHS_STANDARD)";
				CLANG_ANALYZER_NONNULL = YES;
				CLANG_ANALYZER_NUMBER_OBJECT_CONVERSION = YES_AGGRESSIVE;
				CLANG_CXX_LANGUAGE_STANDARD = "gnu++14";
				CLANG_CXX_LIBRARY = "libc++";
				CLANG_ENABLE_MODULES = YES;
				CLANG_ENABLE_OBJC_ARC = YES;
				CLANG_ENABLE_OBJC_WEAK = YES;
				CLANG_WARN_BLOCK_CAPTURE_AUTORELEASING = YES;
				CLANG_WARN_BOOL_CONVERSION = YES;
				CLANG_WARN_COMMA = YES;
				CLANG_WARN_CONSTANT_CONVERSION = YES;
				CLANG_WARN_DEPRECATED_OBJC_IMPLEMENTATIONS = YES;
				CLANG_WARN_DIRECT_OBJC_ISA_USAGE = YES_ERROR;
				CLANG_WARN_DOCUMENTATION_COMMENTS = YES;
				CLANG_WARN_EMPTY_BODY = YES;
				CLANG_WARN_ENUM_CONVERSION = YES;
				CLANG_WARN_INFINITE_RECURSION = YES;
				CLANG_WARN_INT_CONVERSION = YES;
				CLANG_WARN_NON_LITERAL_NULL_CONVERSION = YES;
				CLANG_WARN_OBJC_IMPLICIT_RETAIN_SELF = YES;
				CLANG_WARN_OBJC_LITERAL_CONVERSION = YES;
				CLANG_WARN_OBJC_ROOT_CLASS = YES_ERROR;
				CLANG_WARN_QUOTED_INCLUDE_IN_FRAMEWORK_HEADER = YES;
				CLANG_WARN_RANGE_LOOP_ANALYSIS = YES;
				CLANG_WARN_STRICT_PROTOTYPES = YES;
				CLANG_WARN_SUSPICIOUS_MOVE = YES;
				CLANG_WARN_UNGUARDED_AVAILABILITY = YES_AGGRESSIVE;
				CLANG_WARN_UNREACHABLE_CODE = YES;
				CLANG_WARN__DUPLICATE_METHOD_MATCH = YES;
				COPY_PHASE_STRIP = NO;
				DEBUG_INFORMATION_FORMAT = dwarf;
				ENABLE_NS_ASSERTIONS = NO;
				ENABLE_STRICT_OBJC_MSGSEND = YES;
				"EXCLUDED_ARCHS[sdk=iphonesimulator*]" = arm64;
				GCC_C_LANGUAGE_STANDARD = gnu11;
				GCC_NO_COMMON_BLOCKS = YES;
				GCC_WARN_64_TO_32_BIT_CONVERSION = YES;
				GCC_WARN_ABOUT_RETURN_TYPE = YES_ERROR;
				GCC_WARN_UNDECLARED_SELECTOR = YES;
				GCC_WARN_UNINITIALIZED_AUTOS = YES_AGGRESSIVE;
				GCC_WARN_UNUSED_FUNCTION = YES;
				GCC_WARN_UNUSED_VARIABLE = YES;
				IPHONEOS_DEPLOYMENT_TARGET = 14.5;
				MTL_ENABLE_DEBUG_INFO = NO;
				MTL_FAST_MATH = YES;
				ONLY_ACTIVE_ARCH = NO;
				OTHER_LDFLAGS = (
					"$(inherited)",
					"-framework",
					shared,
				);
				SDKROOT = iphoneos;
				SWIFT_COMPILATION_MODE = wholemodule;
				SWIFT_OPTIMIZATION_LEVEL = "-O";
				VALIDATE_PRODUCT = YES;
			};
			name = Release;
		};
		1B5314C0245E1F8B009985F0 /* Debug */ = {
			isa = XCBuildConfiguration;
			baseConfigurationReference = BF46417DD9472D340A2AB19D /* Pods-Vitals.debug.xcconfig */;
			buildSettings = {
				ARCHS = "$(ARCHS_STANDARD)";
				ASSETCATALOG_COMPILER_APPICON_NAME = AppIcon;
				CODE_SIGN_IDENTITY = "Apple Development";
				CODE_SIGN_STYLE = Automatic;
				CURRENT_PROJECT_VERSION = 21;
				DERIVE_MACCATALYST_PRODUCT_BUNDLE_IDENTIFIER = NO;
				DEVELOPMENT_TEAM = F832GZ48Z7;
				FRAMEWORK_SEARCH_PATHS = (
					"$(SRCROOT)",
					"$(inherited)",
					"$(PROJECT_DIR)",
				);
				GCC_NO_COMMON_BLOCKS = NO;
				HEADER_SEARCH_PATHS = (
					"$(inherited)",
					"\"${PODS_ROOT}/Headers/Public\"",
					"\"${PODS_ROOT}/Headers/Public/LibTorch-Lite\"",
					"\"${PODS_ROOT}/Headers/Public/PLMLibTorchWrapper\"",
					"$(inherited)",
					"\"$(PODS_ROOT)/LibTorch-Lite/install/include/\"",
					"\"${PODS_ROOT}/LibTorch-Lite/install/include/\"",
					"$(SRCROOT)/Pods",
				);
				INFOPLIST_FILE = "$(SRCROOT)/Vitals/Info.plist";
				INFOPLIST_KEY_CFBundleDisplayName = Vitals;
				INFOPLIST_KEY_LSApplicationCategoryType = "public.app-category.healthcare-fitness";
				LD_DYLIB_INSTALL_NAME = "$(DYLIB_INSTALL_NAME_BASE:standardizepath)/$(EXECUTABLE_PATH)";
				LD_RUNPATH_SEARCH_PATHS = (
					"$(inherited)",
					"@executable_path/Frameworks",
				);
				LIBRARY_SEARCH_PATHS = (
					"$(inherited)",
					"$(PROJECT_DIR)/shared.framework",
				);
				MARKETING_VERSION = 1.5.0;
				OTHER_CODE_SIGN_FLAGS = "--generate-entitlement-der";
				OTHER_LDFLAGS = "$(inherited)";
				PRODUCT_BUNDLE_IDENTIFIER = com.tvs.Vitals;
				PRODUCT_NAME = "$(TARGET_NAME)";
				PROVISIONING_PROFILE_SPECIFIER = "";
				SUPPORTED_PLATFORMS = "iphoneos iphonesimulator";
				SUPPORTS_MACCATALYST = NO;
				SUPPORTS_MAC_DESIGNED_FOR_IPHONE_IPAD = NO;
				SUPPORTS_XR_DESIGNED_FOR_IPHONE_IPAD = NO;
				SWIFT_VERSION = 5.0;
				TARGETED_DEVICE_FAMILY = 1;
			};
			name = Debug;
		};
		1B5314C1245E1F8B009985F0 /* Release */ = {
			isa = XCBuildConfiguration;
			baseConfigurationReference = FDFADAEC97A7EEE5B5E44810 /* Pods-Vitals.release.xcconfig */;
			buildSettings = {
				ARCHS = "$(ARCHS_STANDARD)";
				ASSETCATALOG_COMPILER_APPICON_NAME = AppIcon;
				CODE_SIGN_IDENTITY = "Apple Development";
				CODE_SIGN_STYLE = Automatic;
				CURRENT_PROJECT_VERSION = 21;
				DERIVE_MACCATALYST_PRODUCT_BUNDLE_IDENTIFIER = NO;
				DEVELOPMENT_TEAM = F832GZ48Z7;
				FRAMEWORK_SEARCH_PATHS = (
					"$(SRCROOT)",
					"$(inherited)",
					"$(PROJECT_DIR)",
				);
				GCC_NO_COMMON_BLOCKS = NO;
				HEADER_SEARCH_PATHS = (
					"$(inherited)",
					"\"${PODS_ROOT}/Headers/Public\"",
					"\"${PODS_ROOT}/Headers/Public/LibTorch-Lite\"",
					"\"${PODS_ROOT}/Headers/Public/PLMLibTorchWrapper\"",
					"$(inherited)",
					"\"$(PODS_ROOT)/LibTorch-Lite/install/include/\"",
					"\"${PODS_ROOT}/LibTorch-Lite/install/include/\"",
					"$(SRCROOT)/Pods",
				);
				INFOPLIST_FILE = "$(SRCROOT)/Vitals/Info.plist";
				INFOPLIST_KEY_CFBundleDisplayName = Vitals;
				INFOPLIST_KEY_LSApplicationCategoryType = "public.app-category.healthcare-fitness";
				LD_DYLIB_INSTALL_NAME = "$(DYLIB_INSTALL_NAME_BASE:standardizepath)/$(EXECUTABLE_PATH)";
				LD_RUNPATH_SEARCH_PATHS = (
					"$(inherited)",
					"@executable_path/Frameworks",
				);
				LIBRARY_SEARCH_PATHS = (
					"$(inherited)",
					"$(PROJECT_DIR)/shared.framework",
				);
				MARKETING_VERSION = 1.5.0;
				OTHER_CODE_SIGN_FLAGS = "--generate-entitlement-der";
				OTHER_LDFLAGS = "$(inherited)";
				PRODUCT_BUNDLE_IDENTIFIER = com.tvs.Vitals;
				PRODUCT_NAME = "$(TARGET_NAME)";
				PROVISIONING_PROFILE_SPECIFIER = "";
				SUPPORTED_PLATFORMS = "iphoneos iphonesimulator";
				SUPPORTS_MACCATALYST = NO;
				SUPPORTS_MAC_DESIGNED_FOR_IPHONE_IPAD = NO;
				SUPPORTS_XR_DESIGNED_FOR_IPHONE_IPAD = NO;
				SWIFT_VERSION = 5.0;
				TARGETED_DEVICE_FAMILY = 1;
			};
			name = Release;
		};
/* End XCBuildConfiguration section */

/* Begin XCConfigurationList section */
		1B5314A6245E1F8A009985F0 /* Build configuration list for PBXProject "Vitals" */ = {
			isa = XCConfigurationList;
			buildConfigurations = (
				1B5314BD245E1F8B009985F0 /* Debug */,
				1B5314BE245E1F8B009985F0 /* Release */,
			);
			defaultConfigurationIsVisible = 0;
			defaultConfigurationName = Release;
		};
		1B5314BF245E1F8B009985F0 /* Build configuration list for PBXNativeTarget "Vitals" */ = {
			isa = XCConfigurationList;
			buildConfigurations = (
				1B5314C0245E1F8B009985F0 /* Debug */,
				1B5314C1245E1F8B009985F0 /* Release */,
			);
			defaultConfigurationIsVisible = 0;
			defaultConfigurationName = Release;
		};
/* End XCConfigurationList section */
	};
	rootObject = 1B5314A3245E1F8A009985F0 /* Project object */;
}
